
Microsoft Visual Studio Solution File, Format Version 11.00
# Visual Studio 2010
Project("{FAE04EC0-301F-11D3-BF4B-00C04F79EFBC}") = "walkGonzagaColab", "Assembly-CSharp.csproj", "{2ED5A29E-1B75-4CE6-CD84-8DEB38629A47}"
EndProject
Project("{FAE04EC0-301F-11D3-BF4B-00C04F79EFBC}") = "walkGonzagaColab", "Assembly-CSharp-Editor.csproj", "{812B5738-9BA9-1A53-F362-9A716C2CA438}"
EndProject
Project("{162FBBA7-4EE7-D09E-3155-DF5AB703AEE0}") = "walkGonzagaColab", "Assembly-UnityScript-Editor-firstpass.unityproj", "{F3FD8543-EC49-FB27-3F2B-BAF077B07181}"
EndProject
Global
	GlobalSection(SolutionConfigurationPlatforms) = preSolution
		Debug|Any CPU = Debug|Any CPU
		Release|Any CPU = Release|Any CPU
	EndGlobalSection
	GlobalSection(ProjectConfigurationPlatforms) = postSolution
		{2ED5A29E-1B75-4CE6-CD84-8DEB38629A47}.Debug|Any CPU.ActiveCfg = Debug|Any CPU
		{2ED5A29E-1B75-4CE6-CD84-8DEB38629A47}.Debug|Any CPU.Build.0 = Debug|Any CPU
		{2ED5A29E-1B75-4CE6-CD84-8DEB38629A47}.Release|Any CPU.ActiveCfg = Release|Any CPU
		{2ED5A29E-1B75-4CE6-CD84-8DEB38629A47}.Release|Any CPU.Build.0 = Release|Any CPU
		{812B5738-9BA9-1A53-F362-9A716C2CA438}.Debug|Any CPU.ActiveCfg = Debug|Any CPU
		{812B5738-9BA9-1A53-F362-9A716C2CA438}.Debug|Any CPU.Build.0 = Debug|Any CPU
		{812B5738-9BA9-1A53-F362-9A716C2CA438}.Release|Any CPU.ActiveCfg = Release|Any CPU
		{812B5738-9BA9-1A53-F362-9A716C2CA438}.Release|Any CPU.Build.0 = Release|Any CPU
		{F3FD8543-EC49-FB27-3F2B-BAF077B07181}.Debug|Any CPU.ActiveCfg = Debug|Any CPU
		{F3FD8543-EC49-FB27-3F2B-BAF077B07181}.Debug|Any CPU.Build.0 = Debug|Any CPU
		{F3FD8543-EC49-FB27-3F2B-BAF077B07181}.Release|Any CPU.ActiveCfg = Release|Any CPU
		{F3FD8543-EC49-FB27-3F2B-BAF077B07181}.Release|Any CPU.Build.0 = Release|Any CPU
	EndGlobalSection
	GlobalSection(SolutionProperties) = preSolution
		HideSolutionNode = FALSE
	EndGlobalSection
	GlobalSection(MonoDevelopProperties) = preSolution
		StartupItem = Assembly-CSharp.csproj
	EndGlobalSection
EndGlobal
