
Microsoft Visual Studio Solution File, Format Version 11.00
# Visual Studio 2010
Project("{FAE04EC0-301F-11D3-BF4B-00C04F79EFBC}") = "AdobeMarkerTest", "Assembly-CSharp.csproj", "{8D4D89CE-9560-9678-18D7-483B0086E70D}"
EndProject
Project("{FAE04EC0-301F-11D3-BF4B-00C04F79EFBC}") = "AdobeMarkerTest", "Assembly-CSharp-Editor.csproj", "{052EBD14-D9A4-C2C6-228A-E4046FB68268}"
EndProject
Global
	GlobalSection(SolutionConfigurationPlatforms) = preSolution
		Debug|Any CPU = Debug|Any CPU
		Release|Any CPU = Release|Any CPU
	EndGlobalSection
	GlobalSection(ProjectConfigurationPlatforms) = postSolution
		{8D4D89CE-9560-9678-18D7-483B0086E70D}.Debug|Any CPU.ActiveCfg = Debug|Any CPU
		{8D4D89CE-9560-9678-18D7-483B0086E70D}.Debug|Any CPU.Build.0 = Debug|Any CPU
		{8D4D89CE-9560-9678-18D7-483B0086E70D}.Release|Any CPU.ActiveCfg = Release|Any CPU
		{8D4D89CE-9560-9678-18D7-483B0086E70D}.Release|Any CPU.Build.0 = Release|Any CPU
		{052EBD14-D9A4-C2C6-228A-E4046FB68268}.Debug|Any CPU.ActiveCfg = Debug|Any CPU
		{052EBD14-D9A4-C2C6-228A-E4046FB68268}.Debug|Any CPU.Build.0 = Debug|Any CPU
		{052EBD14-D9A4-C2C6-228A-E4046FB68268}.Release|Any CPU.ActiveCfg = Release|Any CPU
		{052EBD14-D9A4-C2C6-228A-E4046FB68268}.Release|Any CPU.Build.0 = Release|Any CPU
	EndGlobalSection
	GlobalSection(SolutionProperties) = preSolution
		HideSolutionNode = FALSE
	EndGlobalSection
	GlobalSection(MonoDevelopProperties) = preSolution
		StartupItem = Assembly-CSharp.csproj
	EndGlobalSection
EndGlobal
